
Microsoft Visual Studio Solution File, Format Version 12.00
# Visual Studio Version 16
VisualStudioVersion = 16.0.30907.101
MinimumVisualStudioVersion = 10.0.40219.1
Project("{FAE04EC0-301F-11D3-BF4B-00C04F79EFBC}") = "Supermarket Management System", "Supermarket Management System\Supermarket Management System.csproj", "{0A25FB56-2A66-4BA2-AF97-AE7A200CFA24}"
EndProject
Global
	GlobalSection(SolutionConfigurationPlatforms) = preSolution
		Debug|Any CPU = Debug|Any CPU
		Release|Any CPU = Release|Any CPU
	EndGlobalSection
	GlobalSection(ProjectConfigurationPlatforms) = postSolution
		{0A25FB56-2A66-4BA2-AF97-AE7A200CFA24}.Debug|Any CPU.ActiveCfg = Debug|Any CPU
		{0A25FB56-2A66-4BA2-AF97-AE7A200CFA24}.Debug|Any CPU.Build.0 = Debug|Any CPU
		{0A25FB56-2A66-4BA2-AF97-AE7A200CFA24}.Release|Any CPU.ActiveCfg = Release|Any CPU
		{0A25FB56-2A66-4BA2-AF97-AE7A200CFA24}.Release|Any CPU.Build.0 = Release|Any CPU
	EndGlobalSection
	GlobalSection(SolutionProperties) = preSolution
		HideSolutionNode = FALSE
	EndGlobalSection
	GlobalSection(ExtensibilityGlobals) = postSolution
		SolutionGuid = {2486A972-7123-49BE-87AE-814C165E0336}
	EndGlobalSection
EndGlobal
